
Microsoft Visual Studio Solution File, Format Version 12.00
# Visual Studio Version 17
VisualStudioVersion = 17.1.32228.430
MinimumVisualStudioVersion = 10.0.40219.1
Project("{9A19103F-16F7-4668-BE54-9A1E7A4F7556}") = "Han_bashni", "Han_bashni\Han_bashni.csproj", "{6B63CAF5-E036-4E3C-87D0-7404CDF46AB2}"
EndProject
Global
	GlobalSection(SolutionConfigurationPlatforms) = preSolution
		Debug|Any CPU = Debug|Any CPU
		Debug|x64 = Debug|x64
		Release|Any CPU = Release|Any CPU
		Release|x64 = Release|x64
	EndGlobalSection
	GlobalSection(ProjectConfigurationPlatforms) = postSolution
		{6B63CAF5-E036-4E3C-87D0-7404CDF46AB2}.Debug|Any CPU.ActiveCfg = Debug|Any CPU
		{6B63CAF5-E036-4E3C-87D0-7404CDF46AB2}.Debug|Any CPU.Build.0 = Debug|Any CPU
		{6B63CAF5-E036-4E3C-87D0-7404CDF46AB2}.Debug|x64.ActiveCfg = Debug|x64
		{6B63CAF5-E036-4E3C-87D0-7404CDF46AB2}.Debug|x64.Build.0 = Debug|x64
		{6B63CAF5-E036-4E3C-87D0-7404CDF46AB2}.Release|Any CPU.ActiveCfg = Release|Any CPU
		{6B63CAF5-E036-4E3C-87D0-7404CDF46AB2}.Release|Any CPU.Build.0 = Release|Any CPU
		{6B63CAF5-E036-4E3C-87D0-7404CDF46AB2}.Release|x64.ActiveCfg = Release|x64
		{6B63CAF5-E036-4E3C-87D0-7404CDF46AB2}.Release|x64.Build.0 = Release|x64
	EndGlobalSection
	GlobalSection(SolutionProperties) = preSolution
		HideSolutionNode = FALSE
	EndGlobalSection
	GlobalSection(ExtensibilityGlobals) = postSolution
		SolutionGuid = {14269B09-B668-48E6-8393-8D51DF10EF2C}
	EndGlobalSection
EndGlobal
